// !$*UTF8*$!
{
	archiveVersion = 1;
	classes = {
	};
	objectVersion = 50;
	objects = {

/* Begin PBXBuildFile section */
		1E6C9F162208ACC900B7A4B2 /* AppDelegate.swift in Sources */ = {isa = PBXBuildFile; fileRef = 1E6C9F152208ACC900B7A4B2 /* AppDelegate.swift */; };
		1E6C9F182208ACC900B7A4B2 /* ViewController.swift in Sources */ = {isa = PBXBuildFile; fileRef = 1E6C9F172208ACC900B7A4B2 /* ViewController.swift */; };
		1E6C9F1B2208ACC900B7A4B2 /* Main.storyboard in Resources */ = {isa = PBXBuildFile; fileRef = 1E6C9F192208ACC900B7A4B2 /* Main.storyboard */; };
		1E6C9F1D2208ACCB00B7A4B2 /* Assets.xcassets in Resources */ = {isa = PBXBuildFile; fileRef = 1E6C9F1C2208ACCB00B7A4B2 /* Assets.xcassets */; };
		1E6C9F202208ACCB00B7A4B2 /* LaunchScreen.storyboard in Resources */ = {isa = PBXBuildFile; fileRef = 1E6C9F1E2208ACCB00B7A4B2 /* LaunchScreen.storyboard */; };
		1E6C9F2B2208ACCB00B7A4B2 /* calculatorTests.swift in Sources */ = {isa = PBXBuildFile; fileRef = 1E6C9F2A2208ACCB00B7A4B2 /* calculatorTests.swift */; };
		1E6C9F362208ACCB00B7A4B2 /* calculatorUITests.swift in Sources */ = {isa = PBXBuildFile; fileRef = 1E6C9F352208ACCB00B7A4B2 /* calculatorUITests.swift */; };
/* End PBXBuildFile section */

/* Begin PBXContainerItemProxy section */
		1E6C9F272208ACCB00B7A4B2 /* PBXContainerItemProxy */ = {
			isa = PBXContainerItemProxy;
			containerPortal = 1E6C9F0A2208ACC900B7A4B2 /* Project object */;
			proxyType = 1;
			remoteGlobalIDString = 1E6C9F112208ACC900B7A4B2;
			remoteInfo = calculator;
		};
		1E6C9F322208ACCB00B7A4B2 /* PBXContainerItemProxy */ = {
			isa = PBXContainerItemProxy;
			containerPortal = 1E6C9F0A2208ACC900B7A4B2 /* Project object */;
			proxyType = 1;
			remoteGlobalIDString = 1E6C9F112208ACC900B7A4B2;
			remoteInfo = calculator;
		};
/* End PBXContainerItemProxy section */

/* Begin PBXFileReference section */
		1E6C9F122208ACC900B7A4B2 /* calculator.app */ = {isa = PBXFileReference; explicitFileType = wrapper.application; includeInIndex = 0; path = calculator.app; sourceTree = BUILT_PRODUCTS_DIR; };
		1E6C9F152208ACC900B7A4B2 /* AppDelegate.swift */ = {isa = PBXFileReference; lastKnownFileType = sourcecode.swift; path = AppDelegate.swift; sourceTree = "<group>"; };
		1E6C9F172208ACC900B7A4B2 /* ViewController.swift */ = {isa = PBXFileReference; lastKnownFileType = sourcecode.swift; path = ViewController.swift; sourceTree = "<group>"; };
		1E6C9F1A2208ACC900B7A4B2 /* Base */ = {isa = PBXFileReference; lastKnownFileType = file.storyboard; name = Base; path = Base.lproj/Main.storyboard; sourceTree = "<group>"; };
		1E6C9F1C2208ACCB00B7A4B2 /* Assets.xcassets */ = {isa = PBXFileReference; lastKnownFileType = folder.assetcatalog; path = Assets.xcassets; sourceTree = "<group>"; };
		1E6C9F1F2208ACCB00B7A4B2 /* Base */ = {isa = PBXFileReference; lastKnownFileType = file.storyboard; name = Base; path = Base.lproj/LaunchScreen.storyboard; sourceTree = "<group>"; };
		1E6C9F212208ACCB00B7A4B2 /* Info.plist */ = {isa = PBXFileReference; lastKnownFileType = text.plist.xml; path = Info.plist; sourceTree = "<group>"; };
		1E6C9F262208ACCB00B7A4B2 /* calculatorTests.xctest */ = {isa = PBXFileReference; explicitFileType = wrapper.cfbundle; includeInIndex = 0; path = calculatorTests.xctest; sourceTree = BUILT_PRODUCTS_DIR; };
		1E6C9F2A2208ACCB00B7A4B2 /* calculatorTests.swift */ = {isa = PBXFileReference; lastKnownFileType = sourcecode.swift; path = calculatorTests.swift; sourceTree = "<group>"; };
		1E6C9F2C2208ACCB00B7A4B2 /* Info.plist */ = {isa = PBXFileReference; lastKnownFileType = text.plist.xml; path = Info.plist; sourceTree = "<group>"; };
		1E6C9F312208ACCB00B7A4B2 /* calculatorUITests.xctest */ = {isa = PBXFileReference; explicitFileType = wrapper.cfbundle; includeInIndex = 0; path = calculatorUITests.xctest; sourceTree = BUILT_PRODUCTS_DIR; };
		1E6C9F352208ACCB00B7A4B2 /* calculatorUITests.swift */ = {isa = PBXFileReference; lastKnownFileType = sourcecode.swift; path = calculatorUITests.swift; sourceTree = "<group>"; };
		1E6C9F372208ACCB00B7A4B2 /* Info.plist */ = {isa = PBXFileReference; lastKnownFileType = text.plist.xml; path = Info.plist; sourceTree = "<group>"; };
/* End PBXFileReference section */

/* Begin PBXFrameworksBuildPhase section */
		1E6C9F0F2208ACC900B7A4B2 /* Frameworks */ = {
			isa = PBXFrameworksBuildPhase;
			buildActionMask = 2147483647;
			files = (
			);
			runOnlyForDeploymentPostprocessing = 0;
		};
		1E6C9F232208ACCB00B7A4B2 /* Frameworks */ = {
			isa = PBXFrameworksBuildPhase;
			buildActionMask = 2147483647;
			files = (
			);
			runOnlyForDeploymentPostprocessing = 0;
		};
		1E6C9F2E2208ACCB00B7A4B2 /* Frameworks */ = {
			isa = PBXFrameworksBuildPhase;
			buildActionMask = 2147483647;
			files = (
			);
			runOnlyForDeploymentPostprocessing = 0;
		};
/* End PBXFrameworksBuildPhase section */

/* Begin PBXGroup section */
		1E6C9F092208ACC900B7A4B2 = {
			isa = PBXGroup;
			children = (
				1E6C9F142208ACC900B7A4B2 /* calculator */,
				1E6C9F292208ACCB00B7A4B2 /* calculatorTests */,
				1E6C9F342208ACCB00B7A4B2 /* calculatorUITests */,
				1E6C9F132208ACC900B7A4B2 /* Products */,
			);
			sourceTree = "<group>";
		};
		1E6C9F132208ACC900B7A4B2 /* Products */ = {
			isa = PBXGroup;
			children = (
				1E6C9F122208ACC900B7A4B2 /* calculator.app */,
				1E6C9F262208ACCB00B7A4B2 /* calculatorTests.xctest */,
				1E6C9F312208ACCB00B7A4B2 /* calculatorUITests.xctest */,
			);
			name = Products;
			sourceTree = "<group>";
		};
		1E6C9F142208ACC900B7A4B2 /* calculator */ = {
			isa = PBXGroup;
			children = (
				1E6C9F152208ACC900B7A4B2 /* AppDelegate.swift */,
				1E6C9F172208ACC900B7A4B2 /* ViewController.swift */,
				1E6C9F192208ACC900B7A4B2 /* Main.storyboard */,
				1E6C9F1C2208ACCB00B7A4B2 /* Assets.xcassets */,
				1E6C9F1E2208ACCB00B7A4B2 /* LaunchScreen.storyboard */,
				1E6C9F212208ACCB00B7A4B2 /* Info.plist */,
			);
			path = calculator;
			sourceTree = "<group>";
		};
		1E6C9F292208ACCB00B7A4B2 /* calculatorTests */ = {
			isa = PBXGroup;
			children = (
				1E6C9F2A2208ACCB00B7A4B2 /* calculatorTests.swift */,
				1E6C9F2C2208ACCB00B7A4B2 /* Info.plist */,
			);
			path = calculatorTests;
			sourceTree = "<group>";
		};
		1E6C9F342208ACCB00B7A4B2 /* calculatorUITests */ = {
			isa = PBXGroup;
			children = (
				1E6C9F352208ACCB00B7A4B2 /* calculatorUITests.swift */,
				1E6C9F372208ACCB00B7A4B2 /* Info.plist */,
			);
			path = calculatorUITests;
			sourceTree = "<group>";
		};
/* End PBXGroup section */

/* Begin PBXNativeTarget section */
		1E6C9F112208ACC900B7A4B2 /* calculator */ = {
			isa = PBXNativeTarget;
			buildConfigurationList = 1E6C9F3A2208ACCB00B7A4B2 /* Build configuration list for PBXNativeTarget "calculator" */;
			buildPhases = (
				1E6C9F0E2208ACC900B7A4B2 /* Sources */,
				1E6C9F0F2208ACC900B7A4B2 /* Frameworks */,
				1E6C9F102208ACC900B7A4B2 /* Resources */,
			);
			buildRules = (
			);
			dependencies = (
			);
			name = calculator;
			productName = calculator;
			productReference = 1E6C9F122208ACC900B7A4B2 /* calculator.app */;
			productType = "com.apple.product-type.application";
		};
		1E6C9F252208ACCB00B7A4B2 /* calculatorTests */ = {
			isa = PBXNativeTarget;
			buildConfigurationList = 1E6C9F3D2208ACCB00B7A4B2 /* Build configuration list for PBXNativeTarget "calculatorTests" */;
			buildPhases = (
				1E6C9F222208ACCB00B7A4B2 /* Sources */,
				1E6C9F232208ACCB00B7A4B2 /* Frameworks */,
				1E6C9F242208ACCB00B7A4B2 /* Resources */,
			);
			buildRules = (
			);
			dependencies = (
				1E6C9F282208ACCB00B7A4B2 /* PBXTargetDependency */,
			);
			name = calculatorTests;
			productName = calculatorTests;
			productReference = 1E6C9F262208ACCB00B7A4B2 /* calculatorTests.xctest */;
			productType = "com.apple.product-type.bundle.unit-test";
		};
		1E6C9F302208ACCB00B7A4B2 /* calculatorUITests */ = {
			isa = PBXNativeTarget;
			buildConfigurationList = 1E6C9F402208ACCB00B7A4B2 /* Build configuration list for PBXNativeTarget "calculatorUITests" */;
			buildPhases = (
				1E6C9F2D2208ACCB00B7A4B2 /* Sources */,
				1E6C9F2E2208ACCB00B7A4B2 /* Frameworks */,
				1E6C9F2F2208ACCB00B7A4B2 /* Resources */,
			);
			buildRules = (
			);
			dependencies = (
				1E6C9F332208ACCB00B7A4B2 /* PBXTargetDependency */,
			);
			name = calculatorUITests;
			productName = calculatorUITests;
			productReference = 1E6C9F312208ACCB00B7A4B2 /* calculatorUITests.xctest */;
			productType = "com.apple.product-type.bundle.ui-testing";
		};
/* End PBXNativeTarget section */

/* Begin PBXProject section */
		1E6C9F0A2208ACC900B7A4B2 /* Project object */ = {
			isa = PBXProject;
			attributes = {
				LastSwiftUpdateCheck = 1010;
				LastUpgradeCheck = 1010;
				ORGANIZATIONNAME = "Vedant Batra";
				TargetAttributes = {
					1E6C9F112208ACC900B7A4B2 = {
						CreatedOnToolsVersion = 10.1;
					};
					1E6C9F252208ACCB00B7A4B2 = {
						CreatedOnToolsVersion = 10.1;
						TestTargetID = 1E6C9F112208ACC900B7A4B2;
					};
					1E6C9F302208ACCB00B7A4B2 = {
						CreatedOnToolsVersion = 10.1;
						TestTargetID = 1E6C9F112208ACC900B7A4B2;
					};
				};
			};
			buildConfigurationList = 1E6C9F0D2208ACC900B7A4B2 /* Build configuration list for PBXProject "calculator" */;
			compatibilityVersion = "Xcode 9.3";
			developmentRegion = en;
			hasScannedForEncodings = 0;
			knownRegions = (
				en,
				Base,
			);
			mainGroup = 1E6C9F092208ACC900B7A4B2;
			productRefGroup = 1E6C9F132208ACC900B7A4B2 /* Products */;
			projectDirPath = "";
			projectRoot = "";
			targets = (
				1E6C9F112208ACC900B7A4B2 /* calculator */,
				1E6C9F252208ACCB00B7A4B2 /* calculatorTests */,
				1E6C9F302208ACCB00B7A4B2 /* calculatorUITests */,
			);
		};
/* End PBXProject section */

/* Begin PBXResourcesBuildPhase section */
		1E6C9F102208ACC900B7A4B2 /* Resources */ = {
			isa = PBXResourcesBuildPhase;
			buildActionMask = 2147483647;
			files = (
				1E6C9F202208ACCB00B7A4B2 /* LaunchScreen.storyboard in Resources */,
				1E6C9F1D2208ACCB00B7A4B2 /* Assets.xcassets in Resources */,
				1E6C9F1B2208ACC900B7A4B2 /* Main.storyboard in Resources */,
			);
			runOnlyForDeploymentPostprocessing = 0;
		};
		1E6C9F242208ACCB00B7A4B2 /* Resources */ = {
			isa = PBXResourcesBuildPhase;
			buildActionMask = 2147483647;
			files = (
			);
			runOnlyForDeploymentPostprocessing = 0;
		};
		1E6C9F2F2208ACCB00B7A4B2 /* Resources */ = {
			isa = PBXResourcesBuildPhase;
			buildActionMask = 2147483647;
			files = (
			);
			runOnlyForDeploymentPostprocessing = 0;
		};
/* End PBXResourcesBuildPhase section */

/* Begin PBXSourcesBuildPhase section */
		1E6C9F0E2208ACC900B7A4B2 /* Sources */ = {
			isa = PBXSourcesBuildPhase;
			buildActionMask = 2147483647;
			files = (
				1E6C9F182208ACC900B7A4B2 /* ViewController.swift in Sources */,
				1E6C9F162208ACC900B7A4B2 /* AppDelegate.swift in Sources */,
			);
			runOnlyForDeploymentPostprocessing = 0;
		};
		1E6C9F222208ACCB00B7A4B2 /* Sources */ = {
			isa = PBXSourcesBuildPhase;
			buildActionMask = 2147483647;
			files = (
				1E6C9F2B2208ACCB00B7A4B2 /* calculatorTests.swift in Sources */,
			);
			runOnlyForDeploymentPostprocessing = 0;
		};
		1E6C9F2D2208ACCB00B7A4B2 /* Sources */ = {
			isa = PBXSourcesBuildPhase;
			buildActionMask = 2147483647;
			files = (
				1E6C9F362208ACCB00B7A4B2 /* calculatorUITests.swift in Sources */,
			);
			runOnlyForDeploymentPostprocessing = 0;
		};
/* End PBXSourcesBuildPhase section */

/* Begin PBXTargetDependency section */
		1E6C9F282208ACCB00B7A4B2 /* PBXTargetDependency */ = {
			isa = PBXTargetDependency;
			target = 1E6C9F112208ACC900B7A4B2 /* calculator */;
			targetProxy = 1E6C9F272208ACCB00B7A4B2 /* PBXContainerItemProxy */;
		};
		1E6C9F332208ACCB00B7A4B2 /* PBXTargetDependency */ = {
			isa = PBXTargetDependency;
			target = 1E6C9F112208ACC900B7A4B2 /* calculator */;
			targetProxy = 1E6C9F322208ACCB00B7A4B2 /* PBXContainerItemProxy */;
		};
/* End PBXTargetDependency section */

/* Begin PBXVariantGroup section */
		1E6C9F192208ACC900B7A4B2 /* Main.storyboard */ = {
			isa = PBXVariantGroup;
			children = (
				1E6C9F1A2208ACC900B7A4B2 /* Base */,
			);
			name = Main.storyboard;
			sourceTree = "<group>";
		};
		1E6C9F1E2208ACCB00B7A4B2 /* LaunchScreen.storyboard */ = {
			isa = PBXVariantGroup;
			children = (
				1E6C9F1F2208ACCB00B7A4B2 /* Base */,
			);
			name = LaunchScreen.storyboard;
			sourceTree = "<group>";
		};
/* End PBXVariantGroup section */

/* Begin XCBuildConfiguration section */
		1E6C9F382208ACCB00B7A4B2 /* Debug */ = {
			isa = XCBuildConfiguration;
			buildSettings = {
				ALWAYS_SEARCH_USER_PATHS = NO;
				CLANG_ANALYZER_NONNULL = YES;
				CLANG_ANALYZER_NUMBER_OBJECT_CONVERSION = YES_AGGRESSIVE;
				CLANG_CXX_LANGUAGE_STANDARD = "gnu++14";
				CLANG_CXX_LIBRARY = "libc++";
				CLANG_ENABLE_MODULES = YES;
				CLANG_ENABLE_OBJC_ARC = YES;
				CLANG_ENABLE_OBJC_WEAK = YES;
				CLANG_WARN_BLOCK_CAPTURE_AUTORELEASING = YES;
				CLANG_WARN_BOOL_CONVERSION = YES;
				CLANG_WARN_COMMA = YES;
				CLANG_WARN_CONSTANT_CONVERSION = YES;
				CLANG_WARN_DEPRECATED_OBJC_IMPLEMENTATIONS = YES;
				CLANG_WARN_DIRECT_OBJC_ISA_USAGE = YES_ERROR;
				CLANG_WARN_DOCUMENTATION_COMMENTS = YES;
				CLANG_WARN_EMPTY_BODY = YES;
				CLANG_WARN_ENUM_CONVERSION = YES;
				CLANG_WARN_INFINITE_RECURSION = YES;
				CLANG_WARN_INT_CONVERSION = YES;
				CLANG_WARN_NON_LITERAL_NULL_CONVERSION = YES;
				CLANG_WARN_OBJC_IMPLICIT_RETAIN_SELF = YES;
				CLANG_WARN_OBJC_LITERAL_CONVERSION = YES;
				CLANG_WARN_OBJC_ROOT_CLASS = YES_ERROR;
				CLANG_WARN_RANGE_LOOP_ANALYSIS = YES;
				CLANG_WARN_STRICT_PROTOTYPES = YES;
				CLANG_WARN_SUSPICIOUS_MOVE = YES;
				CLANG_WARN_UNGUARDED_AVAILABILITY = YES_AGGRESSIVE;
				CLANG_WARN_UNREACHABLE_CODE = YES;
				CLANG_WARN__DUPLICATE_METHOD_MATCH = YES;
				CODE_SIGN_IDENTITY = "iPhone Developer";
				COPY_PHASE_STRIP = NO;
				DEBUG_INFORMATION_FORMAT = dwarf;
				ENABLE_STRICT_OBJC_MSGSEND = YES;
				ENABLE_TESTABILITY = YES;
				GCC_C_LANGUAGE_STANDARD = gnu11;
				GCC_DYNAMIC_NO_PIC = NO;
				GCC_NO_COMMON_BLOCKS = YES;
				GCC_OPTIMIZATION_LEVEL = 0;
				GCC_PREPROCESSOR_DEFINITIONS = (
					"DEBUG=1",
					"$(inherited)",
				);
				GCC_WARN_64_TO_32_BIT_CONVERSION = YES;
				GCC_WARN_ABOUT_RETURN_TYPE = YES_ERROR;
				GCC_WARN_UNDECLARED_SELECTOR = YES;
				GCC_WARN_UNINITIALIZED_AUTOS = YES_AGGRESSIVE;
				GCC_WARN_UNUSED_FUNCTION = YES;
				GCC_WARN_UNUSED_VARIABLE = YES;
				IPHONEOS_DEPLOYMENT_TARGET = 12.1;
				MTL_ENABLE_DEBUG_INFO = INCLUDE_SOURCE;
				MTL_FAST_MATH = YES;
				ONLY_ACTIVE_ARCH = YES;
				SDKROOT = iphoneos;
				SWIFT_ACTIVE_COMPILATION_CONDITIONS = DEBUG;
				SWIFT_OPTIMIZATION_LEVEL = "-Onone";
			};
			name = Debug;
		};
		1E6C9F392208ACCB00B7A4B2 /* Release */ = {
			isa = XCBuildConfiguration;
			buildSettings = {
				ALWAYS_SEARCH_USER_PATHS = NO;
				CLANG_ANALYZER_NONNULL = YES;
				CLANG_ANALYZER_NUMBER_OBJECT_CONVERSION = YES_AGGRESSIVE;
				CLANG_CXX_LANGUAGE_STANDARD = "gnu++14";
				CLANG_CXX_LIBRARY = "libc++";
				CLANG_ENABLE_MODULES = YES;
				CLANG_ENABLE_OBJC_ARC = YES;
				CLANG_ENABLE_OBJC_WEAK = YES;
				CLANG_WARN_BLOCK_CAPTURE_AUTORELEASING = YES;
				CLANG_WARN_BOOL_CONVERSION = YES;
				CLANG_WARN_COMMA = YES;
				CLANG_WARN_CONSTANT_CONVERSION = YES;
				CLANG_WARN_DEPRECATED_OBJC_IMPLEMENTATIONS = YES;
				CLANG_WARN_DIRECT_OBJC_ISA_USAGE = YES_ERROR;
				CLANG_WARN_DOCUMENTATION_COMMENTS = YES;
				CLANG_WARN_EMPTY_BODY = YES;
				CLANG_WARN_ENUM_CONVERSION = YES;
				CLANG_WARN_INFINITE_RECURSION = YES;
				CLANG_WARN_INT_CONVERSION = YES;
				CLANG_WARN_NON_LITERAL_NULL_CONVERSION = YES;
				CLANG_WARN_OBJC_IMPLICIT_RETAIN_SELF = YES;
				CLANG_WARN_OBJC_LITERAL_CONVERSION = YES;
				CLANG_WARN_OBJC_ROOT_CLASS = YES_ERROR;
				CLANG_WARN_RANGE_LOOP_ANALYSIS = YES;
				CLANG_WARN_STRICT_PROTOTYPES = YES;
				CLANG_WARN_SUSPICIOUS_MOVE = YES;
				CLANG_WARN_UNGUARDED_AVAILABILITY = YES_AGGRESSIVE;
				CLANG_WARN_UNREACHABLE_CODE = YES;
				CLANG_WARN__DUPLICATE_METHOD_MATCH = YES;
				CODE_SIGN_IDENTITY = "iPhone Developer";
				COPY_PHASE_STRIP = NO;
				DEBUG_INFORMATION_FORMAT = "dwarf-with-dsym";
				ENABLE_NS_ASSERTIONS = NO;
				ENABLE_STRICT_OBJC_MSGSEND = YES;
				GCC_C_LANGUAGE_STANDARD = gnu11;
				GCC_NO_COMMON_BLOCKS = YES;
				GCC_WARN_64_TO_32_BIT_CONVERSION = YES;
				GCC_WARN_ABOUT_RETURN_TYPE = YES_ERROR;
				GCC_WARN_UNDECLARED_SELECTOR = YES;
				GCC_WARN_UNINITIALIZED_AUTOS = YES_AGGRESSIVE;
				GCC_WARN_UNUSED_FUNCTION = YES;
				GCC_WARN_UNUSED_VARIABLE = YES;
				IPHONEOS_DEPLOYMENT_TARGET = 12.1;
				MTL_ENABLE_DEBUG_INFO = NO;
				MTL_FAST_MATH = YES;
				SDKROOT = iphoneos;
				SWIFT_COMPILATION_MODE = wholemodule;
				SWIFT_OPTIMIZATION_LEVEL = "-O";
				VALIDATE_PRODUCT = YES;
			};
			name = Release;
		};
		1E6C9F3B2208ACCB00B7A4B2 /* Debug */ = {
			isa = XCBuildConfiguration;
			buildSettings = {
				ASSETCATALOG_COMPILER_APPICON_NAME = AppIcon;
				CODE_SIGN_STYLE = Automatic;
				INFOPLIST_FILE = calculator/Info.plist;
				LD_RUNPATH_SEARCH_PATHS = (
					"$(inherited)",
					"@executable_path/Frameworks",
				);
				PRODUCT_BUNDLE_IDENTIFIER = vedantbatra.com.calculator;
				PRODUCT_NAME = "$(TARGET_NAME)";
				SWIFT_VERSION = 4.2;
				TARGETED_DEVICE_FAMILY = "1,2";
			};
			name = Debug;
		};
		1E6C9F3C2208ACCB00B7A4B2 /* Release */ = {
			isa = XCBuildConfiguration;
			buildSettings = {
				ASSETCATALOG_COMPILER_APPICON_NAME = AppIcon;
				CODE_SIGN_STYLE = Automatic;
				INFOPLIST_FILE = calculator/Info.plist;
				LD_RUNPATH_SEARCH_PATHS = (
					"$(inherited)",
					"@executable_path/Frameworks",
				);
				PRODUCT_BUNDLE_IDENTIFIER = vedantbatra.com.calculator;
				PRODUCT_NAME = "$(TARGET_NAME)";
				SWIFT_VERSION = 4.2;
				TARGETED_DEVICE_FAMILY = "1,2";
			};
			name = Release;
		};
		1E6C9F3E2208ACCB00B7A4B2 /* Debug */ = {
			isa = XCBuildConfiguration;
			buildSettings = {
				ALWAYS_EMBED_SWIFT_STANDARD_LIBRARIES = YES;
				BUNDLE_LOADER = "$(TEST_HOST)";
				CODE_SIGN_STYLE = Automatic;
				INFOPLIST_FILE = calculatorTests/Info.plist;
				LD_RUNPATH_SEARCH_PATHS = (
					"$(inherited)",
					"@executable_path/Frameworks",
					"@loader_path/Frameworks",
				);
				PRODUCT_BUNDLE_IDENTIFIER = vedantbatra.com.calculatorTests;
				PRODUCT_NAME = "$(TARGET_NAME)";
				SWIFT_VERSION = 4.2;
				TARGETED_DEVICE_FAMILY = "1,2";
				TEST_HOST = "$(BUILT_PRODUCTS_DIR)/calculator.app/calculator";
			};
			name = Debug;
		};
		1E6C9F3F2208ACCB00B7A4B2 /* Release */ = {
			isa = XCBuildConfiguration;
			buildSettings = {
				ALWAYS_EMBED_SWIFT_STANDARD_LIBRARIES = YES;
				BUNDLE_LOADER = "$(TEST_HOST)";
				CODE_SIGN_STYLE = Automatic;
				INFOPLIST_FILE = calculatorTests/Info.plist;
				LD_RUNPATH_SEARCH_PATHS = (
					"$(inherited)",
					"@executable_path/Frameworks",
					"@loader_path/Frameworks",
				);
				PRODUCT_BUNDLE_IDENTIFIER = vedantbatra.com.calculatorTests;
				PRODUCT_NAME = "$(TARGET_NAME)";
				SWIFT_VERSION = 4.2;
				TARGETED_DEVICE_FAMILY = "1,2";
				TEST_HOST = "$(BUILT_PRODUCTS_DIR)/calculator.app/calculator";
			};
			name = Release;
		};
		1E6C9F412208ACCB00B7A4B2 /* Debug */ = {
			isa = XCBuildConfiguration;
			buildSettings = {
				ALWAYS_EMBED_SWIFT_STANDARD_LIBRARIES = YES;
				CODE_SIGN_STYLE = Automatic;
				INFOPLIST_FILE = calculatorUITests/Info.plist;
				LD_RUNPATH_SEARCH_PATHS = (
					"$(inherited)",
					"@executable_path/Frameworks",
					"@loader_path/Frameworks",
				);
				PRODUCT_BUNDLE_IDENTIFIER = vedantbatra.com.calculatorUITests;
				PRODUCT_NAME = "$(TARGET_NAME)";
				SWIFT_VERSION = 4.2;
				TARGETED_DEVICE_FAMILY = "1,2";
				TEST_TARGET_NAME = calculator;
			};
			name = Debug;
		};
		1E6C9F422208ACCB00B7A4B2 /* Release */ = {
			isa = XCBuildConfiguration;
			buildSettings = {
				ALWAYS_EMBED_SWIFT_STANDARD_LIBRARIES = YES;
				CODE_SIGN_STYLE = Automatic;
				INFOPLIST_FILE = calculatorUITests/Info.plist;
				LD_RUNPATH_SEARCH_PATHS = (
					"$(inherited)",
					"@executable_path/Frameworks",
					"@loader_path/Frameworks",
				);
				PRODUCT_BUNDLE_IDENTIFIER = vedantbatra.com.calculatorUITests;
				PRODUCT_NAME = "$(TARGET_NAME)";
				SWIFT_VERSION = 4.2;
				TARGETED_DEVICE_FAMILY = "1,2";
				TEST_TARGET_NAME = calculator;
			};
			name = Release;
		};
/* End XCBuildConfiguration section */

/* Begin XCConfigurationList section */
		1E6C9F0D2208ACC900B7A4B2 /* Build configuration list for PBXProject "calculator" */ = {
			isa = XCConfigurationList;
			buildConfigurations = (
				1E6C9F382208ACCB00B7A4B2 /* Debug */,
				1E6C9F392208ACCB00B7A4B2 /* Release */,
			);
			defaultConfigurationIsVisible = 0;
			defaultConfigurationName = Release;
		};
		1E6C9F3A2208ACCB00B7A4B2 /* Build configuration list for PBXNativeTarget "calculator" */ = {
			isa = XCConfigurationList;
			buildConfigurations = (
				1E6C9F3B2208ACCB00B7A4B2 /* Debug */,
				1E6C9F3C2208ACCB00B7A4B2 /* Release */,
			);
			defaultConfigurationIsVisible = 0;
			defaultConfigurationName = Release;
		};
		1E6C9F3D2208ACCB00B7A4B2 /* Build configuration list for PBXNativeTarget "calculatorTests" */ = {
			isa = XCConfigurationList;
			buildConfigurations = (
				1E6C9F3E2208ACCB00B7A4B2 /* Debug */,
				1E6C9F3F2208ACCB00B7A4B2 /* Release */,
			);
			defaultConfigurationIsVisible = 0;
			defaultConfigurationName = Release;
		};
		1E6C9F402208ACCB00B7A4B2 /* Build configuration list for PBXNativeTarget "calculatorUITests" */ = {
			isa = XCConfigurationList;
			buildConfigurations = (
				1E6C9F412208ACCB00B7A4B2 /* Debug */,
				1E6C9F422208ACCB00B7A4B2 /* Release */,
			);
			defaultConfigurationIsVisible = 0;
			defaultConfigurationName = Release;
		};
/* End XCConfigurationList section */
	};
	rootObject = 1E6C9F0A2208ACC900B7A4B2 /* Project object */;
}
